// !$*UTF8*$!
{
	archiveVersion = 1;
	classes = {
	};
	objectVersion = 50;
	objects = {

/* Begin PBXBuildFile section */
		2B0917F4227EF67900CDC4F6 /* EpisodeTableViewController.swift in Sources */ = {isa = PBXBuildFile; fileRef = 2B0917F3227EF67900CDC4F6 /* EpisodeTableViewController.swift */; };
		2B22E3D322778B1500EE654E /* AppDelegate.swift in Sources */ = {isa = PBXBuildFile; fileRef = 2B22E3D222778B1500EE654E /* AppDelegate.swift */; };
		2B22E3D822778B1500EE654E /* Main.storyboard in Resources */ = {isa = PBXBuildFile; fileRef = 2B22E3D622778B1500EE654E /* Main.storyboard */; };
		2B22E3DA22778B1600EE654E /* Assets.xcassets in Resources */ = {isa = PBXBuildFile; fileRef = 2B22E3D922778B1600EE654E /* Assets.xcassets */; };
		2B22E3DD22778B1600EE654E /* LaunchScreen.storyboard in Resources */ = {isa = PBXBuildFile; fileRef = 2B22E3DB22778B1600EE654E /* LaunchScreen.storyboard */; };
		2B22E3E522778B4C00EE654E /* Systems.swift in Sources */ = {isa = PBXBuildFile; fileRef = 2B22E3E422778B4C00EE654E /* Systems.swift */; };
		2B22E3E722778B9800EE654E /* System.swift in Sources */ = {isa = PBXBuildFile; fileRef = 2B22E3E622778B9800EE654E /* System.swift */; };
		2B22E3E922778C5500EE654E /* Reviewer.swift in Sources */ = {isa = PBXBuildFile; fileRef = 2B22E3E822778C5500EE654E /* Reviewer.swift */; };
		2B22E3EB22778D6500EE654E /* Genres.swift in Sources */ = {isa = PBXBuildFile; fileRef = 2B22E3EA22778D6400EE654E /* Genres.swift */; };
		2B22E3ED22778E0000EE654E /* Review.swift in Sources */ = {isa = PBXBuildFile; fileRef = 2B22E3EC22778E0000EE654E /* Review.swift */; };
		2B22E3EF2277915D00EE654E /* Episode.swift in Sources */ = {isa = PBXBuildFile; fileRef = 2B22E3EE2277915D00EE654E /* Episode.swift */; };
		2BFD61D8227824C800728EC7 /* HelperProcs.swift in Sources */ = {isa = PBXBuildFile; fileRef = 2BFD61D7227824C800728EC7 /* HelperProcs.swift */; };
/* End PBXBuildFile section */

/* Begin PBXFileReference section */
		2B0917F3227EF67900CDC4F6 /* EpisodeTableViewController.swift */ = {isa = PBXFileReference; lastKnownFileType = sourcecode.swift; path = EpisodeTableViewController.swift; sourceTree = "<group>"; };
		2B22E3CF22778B1500EE654E /* ThumbcrampStats.app */ = {isa = PBXFileReference; explicitFileType = wrapper.application; includeInIndex = 0; path = ThumbcrampStats.app; sourceTree = BUILT_PRODUCTS_DIR; };
		2B22E3D222778B1500EE654E /* AppDelegate.swift */ = {isa = PBXFileReference; lastKnownFileType = sourcecode.swift; path = AppDelegate.swift; sourceTree = "<group>"; };
		2B22E3D722778B1500EE654E /* Base */ = {isa = PBXFileReference; lastKnownFileType = file.storyboard; name = Base; path = Base.lproj/Main.storyboard; sourceTree = "<group>"; };
		2B22E3D922778B1600EE654E /* Assets.xcassets */ = {isa = PBXFileReference; lastKnownFileType = folder.assetcatalog; path = Assets.xcassets; sourceTree = "<group>"; };
		2B22E3DC22778B1600EE654E /* Base */ = {isa = PBXFileReference; lastKnownFileType = file.storyboard; name = Base; path = Base.lproj/LaunchScreen.storyboard; sourceTree = "<group>"; };
		2B22E3DE22778B1600EE654E /* Info.plist */ = {isa = PBXFileReference; lastKnownFileType = text.plist.xml; path = Info.plist; sourceTree = "<group>"; };
		2B22E3E422778B4C00EE654E /* Systems.swift */ = {isa = PBXFileReference; lastKnownFileType = sourcecode.swift; path = Systems.swift; sourceTree = "<group>"; };
		2B22E3E622778B9800EE654E /* System.swift */ = {isa = PBXFileReference; lastKnownFileType = sourcecode.swift; path = System.swift; sourceTree = "<group>"; };
		2B22E3E822778C5500EE654E /* Reviewer.swift */ = {isa = PBXFileReference; lastKnownFileType = sourcecode.swift; path = Reviewer.swift; sourceTree = "<group>"; };
		2B22E3EA22778D6400EE654E /* Genres.swift */ = {isa = PBXFileReference; lastKnownFileType = sourcecode.swift; path = Genres.swift; sourceTree = "<group>"; };
		2B22E3EC22778E0000EE654E /* Review.swift */ = {isa = PBXFileReference; lastKnownFileType = sourcecode.swift; path = Review.swift; sourceTree = "<group>"; };
		2B22E3EE2277915D00EE654E /* Episode.swift */ = {isa = PBXFileReference; lastKnownFileType = sourcecode.swift; path = Episode.swift; sourceTree = "<group>"; };
		2BFD61D7227824C800728EC7 /* HelperProcs.swift */ = {isa = PBXFileReference; lastKnownFileType = sourcecode.swift; path = HelperProcs.swift; sourceTree = "<group>"; };
/* End PBXFileReference section */

/* Begin PBXFrameworksBuildPhase section */
		2B22E3CC22778B1500EE654E /* Frameworks */ = {
			isa = PBXFrameworksBuildPhase;
			buildActionMask = 2147483647;
			files = (
			);
			runOnlyForDeploymentPostprocessing = 0;
		};
/* End PBXFrameworksBuildPhase section */

/* Begin PBXGroup section */
		2B0917F2227EF65A00CDC4F6 /* Controller */ = {
			isa = PBXGroup;
			children = (
				2B0917F3227EF67900CDC4F6 /* EpisodeTableViewController.swift */,
			);
			path = Controller;
			sourceTree = "<group>";
		};
		2B22506C22781FDD00010271 /* Model */ = {
			isa = PBXGroup;
			children = (
				2B22E3E422778B4C00EE654E /* Systems.swift */,
				2B22E3E622778B9800EE654E /* System.swift */,
				2B22E3E822778C5500EE654E /* Reviewer.swift */,
				2B22E3EE2277915D00EE654E /* Episode.swift */,
				2B22E3EA22778D6400EE654E /* Genres.swift */,
				2B22E3EC22778E0000EE654E /* Review.swift */,
			);
			path = Model;
			sourceTree = "<group>";
		};
		2B22E3C622778B1500EE654E = {
			isa = PBXGroup;
			children = (
				2B22E3D122778B1500EE654E /* ThumbcrampStats */,
				2B22E3D022778B1500EE654E /* Products */,
			);
			sourceTree = "<group>";
		};
		2B22E3D022778B1500EE654E /* Products */ = {
			isa = PBXGroup;
			children = (
				2B22E3CF22778B1500EE654E /* ThumbcrampStats.app */,
			);
			name = Products;
			sourceTree = "<group>";
		};
		2B22E3D122778B1500EE654E /* ThumbcrampStats */ = {
			isa = PBXGroup;
			children = (
				2B0917F2227EF65A00CDC4F6 /* Controller */,
				2BFD61D6227824B800728EC7 /* Helper */,
				2B22506C22781FDD00010271 /* Model */,
				2B22E3D222778B1500EE654E /* AppDelegate.swift */,
				2B22E3D622778B1500EE654E /* Main.storyboard */,
				2B22E3D922778B1600EE654E /* Assets.xcassets */,
				2B22E3DB22778B1600EE654E /* LaunchScreen.storyboard */,
				2B22E3DE22778B1600EE654E /* Info.plist */,
			);
			path = ThumbcrampStats;
			sourceTree = "<group>";
		};
		2BFD61D6227824B800728EC7 /* Helper */ = {
			isa = PBXGroup;
			children = (
				2BFD61D7227824C800728EC7 /* HelperProcs.swift */,
			);
			name = Helper;
			sourceTree = "<group>";
		};
/* End PBXGroup section */

/* Begin PBXNativeTarget section */
		2B22E3CE22778B1500EE654E /* ThumbcrampStats */ = {
			isa = PBXNativeTarget;
			buildConfigurationList = 2B22E3E122778B1600EE654E /* Build configuration list for PBXNativeTarget "ThumbcrampStats" */;
			buildPhases = (
				2B22E3CB22778B1500EE654E /* Sources */,
				2B22E3CC22778B1500EE654E /* Frameworks */,
				2B22E3CD22778B1500EE654E /* Resources */,
			);
			buildRules = (
			);
			dependencies = (
			);
			name = ThumbcrampStats;
			productName = ThumbcrampStats;
			productReference = 2B22E3CF22778B1500EE654E /* ThumbcrampStats.app */;
			productType = "com.apple.product-type.application";
		};
/* End PBXNativeTarget section */

/* Begin PBXProject section */
		2B22E3C722778B1500EE654E /* Project object */ = {
			isa = PBXProject;
			attributes = {
				LastSwiftUpdateCheck = 1020;
				LastUpgradeCheck = 1020;
				ORGANIZATIONNAME = "James Frost";
				TargetAttributes = {
					2B22E3CE22778B1500EE654E = {
						CreatedOnToolsVersion = 10.2.1;
					};
				};
			};
			buildConfigurationList = 2B22E3CA22778B1500EE654E /* Build configuration list for PBXProject "ThumbcrampStats" */;
			compatibilityVersion = "Xcode 9.3";
			developmentRegion = en;
			hasScannedForEncodings = 0;
			knownRegions = (
				en,
				Base,
			);
			mainGroup = 2B22E3C622778B1500EE654E;
			productRefGroup = 2B22E3D022778B1500EE654E /* Products */;
			projectDirPath = "";
			projectRoot = "";
			targets = (
				2B22E3CE22778B1500EE654E /* ThumbcrampStats */,
			);
		};
/* End PBXProject section */

/* Begin PBXResourcesBuildPhase section */
		2B22E3CD22778B1500EE654E /* Resources */ = {
			isa = PBXResourcesBuildPhase;
			buildActionMask = 2147483647;
			files = (
				2B22E3DD22778B1600EE654E /* LaunchScreen.storyboard in Resources */,
				2B22E3DA22778B1600EE654E /* Assets.xcassets in Resources */,
				2B22E3D822778B1500EE654E /* Main.storyboard in Resources */,
			);
			runOnlyForDeploymentPostprocessing = 0;
		};
/* End PBXResourcesBuildPhase section */

/* Begin PBXSourcesBuildPhase section */
		2B22E3CB22778B1500EE654E /* Sources */ = {
			isa = PBXSourcesBuildPhase;
			buildActionMask = 2147483647;
			files = (
				2B22E3E722778B9800EE654E /* System.swift in Sources */,
				2B22E3EF2277915D00EE654E /* Episode.swift in Sources */,
				2B0917F4227EF67900CDC4F6 /* EpisodeTableViewController.swift in Sources */,
				2B22E3E922778C5500EE654E /* Reviewer.swift in Sources */,
				2B22E3EB22778D6500EE654E /* Genres.swift in Sources */,
				2B22E3ED22778E0000EE654E /* Review.swift in Sources */,
				2BFD61D8227824C800728EC7 /* HelperProcs.swift in Sources */,
				2B22E3E522778B4C00EE654E /* Systems.swift in Sources */,
				2B22E3D322778B1500EE654E /* AppDelegate.swift in Sources */,
			);
			runOnlyForDeploymentPostprocessing = 0;
		};
/* End PBXSourcesBuildPhase section */

/* Begin PBXVariantGroup section */
		2B22E3D622778B1500EE654E /* Main.storyboard */ = {
			isa = PBXVariantGroup;
			children = (
				2B22E3D722778B1500EE654E /* Base */,
			);
			name = Main.storyboard;
			sourceTree = "<group>";
		};
		2B22E3DB22778B1600EE654E /* LaunchScreen.storyboard */ = {
			isa = PBXVariantGroup;
			children = (
				2B22E3DC22778B1600EE654E /* Base */,
			);
			name = LaunchScreen.storyboard;
			sourceTree = "<group>";
		};
/* End PBXVariantGroup section */

/* Begin XCBuildConfiguration section */
		2B22E3DF22778B1600EE654E /* Debug */ = {
			isa = XCBuildConfiguration;
			buildSettings = {
				ALWAYS_SEARCH_USER_PATHS = NO;
				CLANG_ANALYZER_NONNULL = YES;
				CLANG_ANALYZER_NUMBER_OBJECT_CONVERSION = YES_AGGRESSIVE;
				CLANG_CXX_LANGUAGE_STANDARD = "gnu++14";
				CLANG_CXX_LIBRARY = "libc++";
				CLANG_ENABLE_MODULES = YES;
				CLANG_ENABLE_OBJC_ARC = YES;
				CLANG_ENABLE_OBJC_WEAK = YES;
				CLANG_WARN_BLOCK_CAPTURE_AUTORELEASING = YES;
				CLANG_WARN_BOOL_CONVERSION = YES;
				CLANG_WARN_COMMA = YES;
				CLANG_WARN_CONSTANT_CONVERSION = YES;
				CLANG_WARN_DEPRECATED_OBJC_IMPLEMENTATIONS = YES;
				CLANG_WARN_DIRECT_OBJC_ISA_USAGE = YES_ERROR;
				CLANG_WARN_DOCUMENTATION_COMMENTS = YES;
				CLANG_WARN_EMPTY_BODY = YES;
				CLANG_WARN_ENUM_CONVERSION = YES;
				CLANG_WARN_INFINITE_RECURSION = YES;
				CLANG_WARN_INT_CONVERSION = YES;
				CLANG_WARN_NON_LITERAL_NULL_CONVERSION = YES;
				CLANG_WARN_OBJC_IMPLICIT_RETAIN_SELF = YES;
				CLANG_WARN_OBJC_LITERAL_CONVERSION = YES;
				CLANG_WARN_OBJC_ROOT_CLASS = YES_ERROR;
				CLANG_WARN_RANGE_LOOP_ANALYSIS = YES;
				CLANG_WARN_STRICT_PROTOTYPES = YES;
				CLANG_WARN_SUSPICIOUS_MOVE = YES;
				CLANG_WARN_UNGUARDED_AVAILABILITY = YES_AGGRESSIVE;
				CLANG_WARN_UNREACHABLE_CODE = YES;
				CLANG_WARN__DUPLICATE_METHOD_MATCH = YES;
				CODE_SIGN_IDENTITY = "iPhone Developer";
				COPY_PHASE_STRIP = NO;
				DEBUG_INFORMATION_FORMAT = dwarf;
				ENABLE_STRICT_OBJC_MSGSEND = YES;
				ENABLE_TESTABILITY = YES;
				GCC_C_LANGUAGE_STANDARD = gnu11;
				GCC_DYNAMIC_NO_PIC = NO;
				GCC_NO_COMMON_BLOCKS = YES;
				GCC_OPTIMIZATION_LEVEL = 0;
				GCC_PREPROCESSOR_DEFINITIONS = (
					"DEBUG=1",
					"$(inherited)",
				);
				GCC_WARN_64_TO_32_BIT_CONVERSION = YES;
				GCC_WARN_ABOUT_RETURN_TYPE = YES_ERROR;
				GCC_WARN_UNDECLARED_SELECTOR = YES;
				GCC_WARN_UNINITIALIZED_AUTOS = YES_AGGRESSIVE;
				GCC_WARN_UNUSED_FUNCTION = YES;
				GCC_WARN_UNUSED_VARIABLE = YES;
				IPHONEOS_DEPLOYMENT_TARGET = 12.2;
				MTL_ENABLE_DEBUG_INFO = INCLUDE_SOURCE;
				MTL_FAST_MATH = YES;
				ONLY_ACTIVE_ARCH = YES;
				SDKROOT = iphoneos;
				SWIFT_ACTIVE_COMPILATION_CONDITIONS = DEBUG;
				SWIFT_OPTIMIZATION_LEVEL = "-Onone";
			};
			name = Debug;
		};
		2B22E3E022778B1600EE654E /* Release */ = {
			isa = XCBuildConfiguration;
			buildSettings = {
				ALWAYS_SEARCH_USER_PATHS = NO;
				CLANG_ANALYZER_NONNULL = YES;
				CLANG_ANALYZER_NUMBER_OBJECT_CONVERSION = YES_AGGRESSIVE;
				CLANG_CXX_LANGUAGE_STANDARD = "gnu++14";
				CLANG_CXX_LIBRARY = "libc++";
				CLANG_ENABLE_MODULES = YES;
				CLANG_ENABLE_OBJC_ARC = YES;
				CLANG_ENABLE_OBJC_WEAK = YES;
				CLANG_WARN_BLOCK_CAPTURE_AUTORELEASING = YES;
				CLANG_WARN_BOOL_CONVERSION = YES;
				CLANG_WARN_COMMA = YES;
				CLANG_WARN_CONSTANT_CONVERSION = YES;
				CLANG_WARN_DEPRECATED_OBJC_IMPLEMENTATIONS = YES;
				CLANG_WARN_DIRECT_OBJC_ISA_USAGE = YES_ERROR;
				CLANG_WARN_DOCUMENTATION_COMMENTS = YES;
				CLANG_WARN_EMPTY_BODY = YES;
				CLANG_WARN_ENUM_CONVERSION = YES;
				CLANG_WARN_INFINITE_RECURSION = YES;
				CLANG_WARN_INT_CONVERSION = YES;
				CLANG_WARN_NON_LITERAL_NULL_CONVERSION = YES;
				CLANG_WARN_OBJC_IMPLICIT_RETAIN_SELF = YES;
				CLANG_WARN_OBJC_LITERAL_CONVERSION = YES;
				CLANG_WARN_OBJC_ROOT_CLASS = YES_ERROR;
				CLANG_WARN_RANGE_LOOP_ANALYSIS = YES;
				CLANG_WARN_STRICT_PROTOTYPES = YES;
				CLANG_WARN_SUSPICIOUS_MOVE = YES;
				CLANG_WARN_UNGUARDED_AVAILABILITY = YES_AGGRESSIVE;
				CLANG_WARN_UNREACHABLE_CODE = YES;
				CLANG_WARN__DUPLICATE_METHOD_MATCH = YES;
				CODE_SIGN_IDENTITY = "iPhone Developer";
				COPY_PHASE_STRIP = NO;
				DEBUG_INFORMATION_FORMAT = "dwarf-with-dsym";
				ENABLE_NS_ASSERTIONS = NO;
				ENABLE_STRICT_OBJC_MSGSEND = YES;
				GCC_C_LANGUAGE_STANDARD = gnu11;
				GCC_NO_COMMON_BLOCKS = YES;
				GCC_WARN_64_TO_32_BIT_CONVERSION = YES;
				GCC_WARN_ABOUT_RETURN_TYPE = YES_ERROR;
				GCC_WARN_UNDECLARED_SELECTOR = YES;
				GCC_WARN_UNINITIALIZED_AUTOS = YES_AGGRESSIVE;
				GCC_WARN_UNUSED_FUNCTION = YES;
				GCC_WARN_UNUSED_VARIABLE = YES;
				IPHONEOS_DEPLOYMENT_TARGET = 12.2;
				MTL_ENABLE_DEBUG_INFO = NO;
				MTL_FAST_MATH = YES;
				SDKROOT = iphoneos;
				SWIFT_COMPILATION_MODE = wholemodule;
				SWIFT_OPTIMIZATION_LEVEL = "-O";
				VALIDATE_PRODUCT = YES;
			};
			name = Release;
		};
		2B22E3E222778B1600EE654E /* Debug */ = {
			isa = XCBuildConfiguration;
			buildSettings = {
				ASSETCATALOG_COMPILER_APPICON_NAME = AppIcon;
				CODE_SIGN_STYLE = Automatic;
				DEVELOPMENT_TEAM = L8J6B36TR5;
				INFOPLIST_FILE = ThumbcrampStats/Info.plist;
				LD_RUNPATH_SEARCH_PATHS = (
					"$(inherited)",
					"@executable_path/Frameworks",
				);
				PRODUCT_BUNDLE_IDENTIFIER = com.achanceoffrost.ThumbcrampStats;
				PRODUCT_NAME = "$(TARGET_NAME)";
				SWIFT_VERSION = 5.0;
				TARGETED_DEVICE_FAMILY = "1,2";
			};
			name = Debug;
		};
		2B22E3E322778B1600EE654E /* Release */ = {
			isa = XCBuildConfiguration;
			buildSettings = {
				ASSETCATALOG_COMPILER_APPICON_NAME = AppIcon;
				CODE_SIGN_STYLE = Automatic;
				DEVELOPMENT_TEAM = L8J6B36TR5;
				INFOPLIST_FILE = ThumbcrampStats/Info.plist;
				LD_RUNPATH_SEARCH_PATHS = (
					"$(inherited)",
					"@executable_path/Frameworks",
				);
				PRODUCT_BUNDLE_IDENTIFIER = com.achanceoffrost.ThumbcrampStats;
				PRODUCT_NAME = "$(TARGET_NAME)";
				SWIFT_VERSION = 5.0;
				TARGETED_DEVICE_FAMILY = "1,2";
			};
			name = Release;
		};
/* End XCBuildConfiguration section */

/* Begin XCConfigurationList section */
		2B22E3CA22778B1500EE654E /* Build configuration list for PBXProject "ThumbcrampStats" */ = {
			isa = XCConfigurationList;
			buildConfigurations = (
				2B22E3DF22778B1600EE654E /* Debug */,
				2B22E3E022778B1600EE654E /* Release */,
			);
			defaultConfigurationIsVisible = 0;
			defaultConfigurationName = Release;
		};
		2B22E3E122778B1600EE654E /* Build configuration list for PBXNativeTarget "ThumbcrampStats" */ = {
			isa = XCConfigurationList;
			buildConfigurations = (
				2B22E3E222778B1600EE654E /* Debug */,
				2B22E3E322778B1600EE654E /* Release */,
			);
			defaultConfigurationIsVisible = 0;
			defaultConfigurationName = Release;
		};
/* End XCConfigurationList section */
	};
	rootObject = 2B22E3C722778B1500EE654E /* Project object */;
}
